
Microsoft Visual Studio Solution File, Format Version 12.00
# Visual Studio 15
VisualStudioVersion = 15.0.28307.902
MinimumVisualStudioVersion = 10.0.40219.1
Project("{FAE04EC0-301F-11D3-BF4B-00C04F79EFBC}") = "DeckOfCards_Serialization", "DeckOfCards_Serialization\DeckOfCards_Serialization.csproj", "{969F968C-8427-40A3-9AFF-AD9966370394}"
EndProject
Global
	GlobalSection(SolutionConfigurationPlatforms) = preSolution
		Debug|Any CPU = Debug|Any CPU
		Release|Any CPU = Release|Any CPU
	EndGlobalSection
	GlobalSection(ProjectConfigurationPlatforms) = postSolution
		{969F968C-8427-40A3-9AFF-AD9966370394}.Debug|Any CPU.ActiveCfg = Debug|Any CPU
		{969F968C-8427-40A3-9AFF-AD9966370394}.Debug|Any CPU.Build.0 = Debug|Any CPU
		{969F968C-8427-40A3-9AFF-AD9966370394}.Release|Any CPU.ActiveCfg = Release|Any CPU
		{969F968C-8427-40A3-9AFF-AD9966370394}.Release|Any CPU.Build.0 = Release|Any CPU
	EndGlobalSection
	GlobalSection(SolutionProperties) = preSolution
		HideSolutionNode = FALSE
	EndGlobalSection
	GlobalSection(ExtensibilityGlobals) = postSolution
		SolutionGuid = {4E004243-4E7F-4677-B693-6FFB1E707225}
	EndGlobalSection
EndGlobal
